
Microsoft Visual Studio Solution File, Format Version 12.00
# Visual Studio Version 17
VisualStudioVersion = 17.10.35027.167
MinimumVisualStudioVersion = 10.0.40219.1
Project("{9A19103F-16F7-4668-BE54-9A1E7A4F7556}") = "BookShop", "BookShop\BookShop.csproj", "{80BAE08B-887B-4AFD-981D-2E43EDC2BEC8}"
EndProject
Project("{FAE04EC0-301F-11D3-BF4B-00C04F79EFBC}") = "BookShopRazor_temp", "BookShopRazor_temp\BookShopRazor_temp.csproj", "{BDAA7CFF-C433-4E62-86C5-9D750833F0C0}"
EndProject
Global
	GlobalSection(SolutionConfigurationPlatforms) = preSolution
		Debug|Any CPU = Debug|Any CPU
		Release|Any CPU = Release|Any CPU
	EndGlobalSection
	GlobalSection(ProjectConfigurationPlatforms) = postSolution
		{80BAE08B-887B-4AFD-981D-2E43EDC2BEC8}.Debug|Any CPU.ActiveCfg = Debug|Any CPU
		{80BAE08B-887B-4AFD-981D-2E43EDC2BEC8}.Debug|Any CPU.Build.0 = Debug|Any CPU
		{80BAE08B-887B-4AFD-981D-2E43EDC2BEC8}.Release|Any CPU.ActiveCfg = Release|Any CPU
		{80BAE08B-887B-4AFD-981D-2E43EDC2BEC8}.Release|Any CPU.Build.0 = Release|Any CPU
		{BDAA7CFF-C433-4E62-86C5-9D750833F0C0}.Debug|Any CPU.ActiveCfg = Debug|Any CPU
		{BDAA7CFF-C433-4E62-86C5-9D750833F0C0}.Debug|Any CPU.Build.0 = Debug|Any CPU
		{BDAA7CFF-C433-4E62-86C5-9D750833F0C0}.Release|Any CPU.ActiveCfg = Release|Any CPU
		{BDAA7CFF-C433-4E62-86C5-9D750833F0C0}.Release|Any CPU.Build.0 = Release|Any CPU
	EndGlobalSection
	GlobalSection(SolutionProperties) = preSolution
		HideSolutionNode = FALSE
	EndGlobalSection
	GlobalSection(ExtensibilityGlobals) = postSolution
		SolutionGuid = {40179D43-662E-483F-AB8B-D7A1AAC8D90B}
	EndGlobalSection
EndGlobal
